<Solution>
  <Folder Name="/external/">
    <Project Path="external/DeltaZulu.DurableBuffer/src/DeltaZulu.DurableBuffer/DeltaZulu.DurableBuffer.csproj" />
  </Folder>
  <Folder Name="/src/">
    <Project Path="src/DeltaZulu.LocalStream/DeltaZulu.LocalStream.csproj" />
  </Folder>
  <Folder Name="/tests/">
    <Project Path="tests/DeltaZulu.LocalStream.Tests/DeltaZulu.LocalStream.Tests.csproj" />
  </Folder>
</Solution>
